schema: '2.0'
stages:
  prepare:
    cmd: python mlops_equipo_63/prepare.py data/raw/online_news_modified.csv 
      data/processed/online_news_clean.csv
    deps:
    - path: data/raw/online_news_modified.csv
      hash: md5
      md5: 378efec5965400e8af2d93f1e79bf811
      size: 22660806
    - path: mlops_equipo_63/prepare.py
      hash: md5
      md5: fb8a30b042aa16d621399ada2d7b7922
      size: 1508
    outs:
    - path: data/processed/online_news_clean.csv
      hash: md5
      md5: 69e76805daa6b2c9674435402b56a619
      size: 19857469
  prepare_data:
    cmd: python mlops_equipo_63/scripts/prepare_data.py
    deps:
    - path: data/raw/online_news_modified.csv
      hash: md5
      md5: e96778b47e7376b49a9e790487f7068b
      size: 22660809
    - path: mlops_equipo_63/data_loader.py
      hash: md5
      md5: 3aa433a8fb4e42ac504c9a753cc9fdc5
      size: 832
    - path: mlops_equipo_63/preprocessing.py
      hash: md5
      md5: 43ddb4294162bdff892d19937bd42269
      size: 4927
    - path: mlops_equipo_63/scripts/prepare_data.py
      hash: md5
      md5: 1fc7963895577691fef18d7bf2b71d5f
      size: 3468
    params:
      params.yaml:
        preprocessing.imputation_strategy: median
        preprocessing.target_threshold:
        preprocessing.test_size: 0.2
    outs:
    - path: data/processed/cleaned_data.csv
      hash: md5
      md5: 13a347fd88a36636d9d3b6eb5155d243
      size: 19937087
    - path: reports/data_quality.json
      hash: md5
      md5: b694aa1c4b90e717d35d11403201e1f7
      size: 270
  train_model:
    cmd: python mlops_equipo_63/scripts/train_model.py
    deps:
    - path: data/processed/cleaned_data.csv
      hash: md5
      md5: 13a347fd88a36636d9d3b6eb5155d243
      size: 19937087
    - path: mlops_equipo_63/feature_engineering.py
      hash: md5
      md5: 1f44717d42f3e832300eb6c017bdddc0
      size: 1342
    - path: mlops_equipo_63/hyperparameter_optimization.py
      hash: md5
      md5: 7aafd7e3b7ae7b44a01911e5a15cbb54
      size: 6466
    - path: mlops_equipo_63/model_training.py
      hash: md5
      md5: 49edb25730bb164e4b8ba523e0f37c7e
      size: 3728
    - path: mlops_equipo_63/preprocessing.py
      hash: md5
      md5: 43ddb4294162bdff892d19937bd42269
      size: 4927
    - path: mlops_equipo_63/scripts/train_model.py
      hash: md5
      md5: 8796d3f54aa7770dfb77546ced6f3242
      size: 4292
    params:
      params.yaml:
        mlflow:
          tracking_uri: file:./mlruns
          experiment_name: News_Popularity_Pipeline
        preprocessing.random_state: 12
        preprocessing.test_size: 0.2
        training.cv_folds: 4
        training.n_trials: 60
        training.random_state: 12
    outs:
    - path: models/best_model.pkl
      hash: md5
      md5: 2b8d1fe2b2d2a6da79af643b90909906
      size: 7248092
    - path: reports/metrics.json
      hash: md5
      md5: 3d1563ea6e39b05ae3c62e01923f4a26
      size: 511
  evaluate_model:
    cmd: python mlops_equipo_63/scripts/evaluate_model.py
    deps:
    - path: data/processed/cleaned_data.csv
      hash: md5
      md5: 13a347fd88a36636d9d3b6eb5155d243
      size: 19937087
    - path: mlops_equipo_63/evaluation.py
      hash: md5
      md5: 40a9498f76933d613cec5012a4c954b5
      size: 3031
    - path: mlops_equipo_63/preprocessing.py
      hash: md5
      md5: 43ddb4294162bdff892d19937bd42269
      size: 4927
    - path: mlops_equipo_63/scripts/evaluate_model.py
      hash: md5
      md5: 26603b69dcbf2f95323975201619c590
      size: 2062
    - path: models/best_model.pkl
      hash: md5
      md5: 2b8d1fe2b2d2a6da79af643b90909906
      size: 7248092
    params:
      params.yaml:
        mlflow:
          tracking_uri: file:./mlruns
          experiment_name: News_Popularity_Pipeline
    outs:
    - path: reports/evaluation_results.json
      hash: md5
      md5: da203f8b65bbce7bb870a6230eb6a002
      size: 71
    - path: reports/figures/confusion_matrix.png
      hash: md5
      md5: b8dffb8baa64b7a63957c764284bc12e
      size: 91429
    - path: reports/figures/roc_curve.png
      hash: md5
      md5: e49ca3c125c80741601a69719f4ba886
      size: 131726
