schema: '2.0'
stages:
  train:
    cmd: python train.py
    deps:
    - path: data/raw/online_news_modified.csv
      hash: md5
      md5: 378efec5965400e8af2d93f1e79bf811
      size: 22660806
    - path: mlops_equipo_63/Configuration.py
      hash: md5
      md5: 53cc3e21edc7d01c6bc83dd798430e9d
      size: 658
    - path: mlops_equipo_63/Optuna_Study.py
      hash: md5
      md5: 537176ce917bee4f4e464fa8e42e72ca
      size: 6554
    - path: mlops_equipo_63/Retrain_and_Evaluate.py
      hash: md5
      md5: 3809076d0428ea81c8111ca255bce8e1
      size: 10782
    - path: mlops_equipo_63/Split_and_Dummy.py
      hash: md5
      md5: f76d9013d74db5e2697abd8c5f060acd
      size: 3394
    - path: mlops_equipo_63/__init__.py
      hash: md5
      md5: 6fcdfd812be17827855318b1dd9b18f1
      size: 1239
    - path: mlops_equipo_63/load_and_preparation.py
      hash: md5
      md5: b2815293df74ecc186d10dbc432ebd25
      size: 2836
    - path: mlops_equipo_63/mlflow_utils.py
      hash: md5
      md5: 4f2d2de6a54118c0d7086b6b28cdbe3e
      size: 820
    - path: params.yaml
      hash: md5
      md5: c63638367b368822452bb313a67ac000
      size: 281
    - path: train.py
      hash: md5
      md5: 84cc789759ddfc6208407159cc3cf300
      size: 1975
    outs:
    - path: data/processed/dataset_processed.csv
      hash: md5
      md5: 94396283718516431ab1c18c05f46e5a
      size: 20128970
    - path: models/final_model.pkl
      hash: md5
      md5: 9250ea62b8691faec82eaf45ed31f142
      size: 339182517
    - path: reports/confusion_matrix.png
      hash: md5
      md5: 22efede2c5057fda95314b48ab239c79
      size: 22512
    - path: reports/feature_importance.png
      hash: md5
      md5: 9270160cc459cad23f973bd05e24d5e4
      size: 49154
    - path: reports/metrics.json
      hash: md5
      md5: 4f46a5149d91b9d9e404db2d82b2bd52
      size: 304
  setup:
    cmd: "python -m venv .venv\n.venv\\Scripts\\python -m pip install --upgrade pip\n\
      .venv\\Scripts\\python -m pip install -r requirements.txt\n"
    deps:
    - path: requirements.txt
      hash: md5
      md5: a245be372a89f1fbb427cce80c429be6
      size: 9554
    outs:
    - path: .venv
      hash: md5
      md5: 7a36622cd2a091b1ec827b5c6d5a5a04.dir
      size: 1122523955
      nfiles: 47203
